{
  "version": 4,
  "terraform_version": "1.7.4",
  "serial": 157,
  "lineage": "ce754081-143b-fe4a-65e9-4847bc0f7b2f",
  "outputs": {},
  "resources": [
    {
      "mode": "managed",
      "type": "digitalocean_droplet",
      "name": "web",
      "provider": "provider[\"registry.terraform.io/digitalocean/digitalocean\"]",
      "instances": [
        {
          "index_key": 0,
          "status": "tainted",
          "schema_version": 1,
          "attributes": {
            "backups": false,
            "created_at": "2024-03-05T14:55:49Z",
            "disk": 60,
            "droplet_agent": null,
            "graceful_shutdown": false,
            "id": "405033873",
            "image": "ubuntu-22-04-x64",
            "ipv4_address": "64.226.126.252",
            "ipv4_address_private": "10.114.0.3",
            "ipv6": false,
            "ipv6_address": "",
            "locked": false,
            "memory": 2048,
            "monitoring": false,
            "name": "terraformtest-0",
            "price_hourly": 0.02679,
            "price_monthly": 18,
            "private_networking": true,
            "region": "fra1",
            "resize_disk": true,
            "size": "s-2vcpu-2gb",
            "ssh_keys": [
              "16:32:f5:b8:8b:98:a4:2b:2c:3f:2a:a6:c1:47:db:34"
            ],
            "status": "active",
            "tags": null,
            "timeouts": null,
            "urn": "do:droplet:405033873",
            "user_data": "c934be930a18dbbb8afe87d04ffa246f6f9fdfe5",
            "vcpus": 2,
            "volume_ids": [],
            "vpc_uuid": "1d35cec7-9121-4262-89b5-0c33cd504079"
          },
          "sensitive_attributes": [],
          "private": "eyJlMmJmYjczMC1lY2FhLTExZTYtOGY4OC0zNDM2M2JjN2M0YzAiOnsiY3JlYXRlIjozNjAwMDAwMDAwMDAwLCJkZWxldGUiOjYwMDAwMDAwMDAwLCJ1cGRhdGUiOjM2MDAwMDAwMDAwMDB9LCJzY2hlbWFfdmVyc2lvbiI6IjEifQ==",
          "dependencies": [
            "digitalocean_ssh_key.terraform_ssh_key"
          ]
        }
      ]
    },
    {
      "mode": "managed",
      "type": "digitalocean_ssh_key",
      "name": "terraform_ssh_key",
      "provider": "provider[\"registry.terraform.io/digitalocean/digitalocean\"]",
      "instances": [
        {
          "schema_version": 0,
          "attributes": {
            "fingerprint": "16:32:f5:b8:8b:98:a4:2b:2c:3f:2a:a6:c1:47:db:34",
            "id": "41209823",
            "name": "Terraform Example Key",
            "public_key": "ssh-rsa AAAAB3NzaC1yc2EAAAADAQABAAABAQD57w/rlqgM8zzkgTvdpM/b6aDgK8IFzwuPptKs9pP3Ct9rTvzCUiCaGTmQ8igb0vTid17IwcMuwLLLXwJTdAH7xxhNLuQHmhiBmCVf2MMlqNnjSTJbed5eEV9fCX8SKBDUepd7RjM34jeHHwHDa65A6TOVAxpAx3eEOAVvh6z7GRdhT5bMpxW35lx6X1qbrvNJBhuUw+4FvK9eBAWn17Auc084i7Fdv4/Kjyzb+GZESk4TjyxGYtdcheJtDn7Jq9UgK8EvnvmNBhOTihCIT7kMtuvOyKBDtuS/GfJFfwMj/virZLlX32DoofOo9FH4ziJNUXq9hNSEf8d1j3CvDbdB terraform@example.com\n"
          },
          "sensitive_attributes": [],
          "private": "bnVsbA=="
        }
      ]
    }
  ],
  "check_results": null
}
